<?xml version="1.0" encoding="utf-8"?>
<Project ToolsVersion="4.0" xmlns="http://schemas.microsoft.com/developer/msbuild/2003">
  <ItemGroup>
    <ClCompile Include="Src\Application.cpp" />
    <ClCompile Include="Src\Common\Fader.cpp" />
    <ClCompile Include="Src\Common\Quaternion.cpp" />
    <ClCompile Include="Src\Common\Vector2.cpp" />
    <ClCompile Include="Src\main.cpp" />
    <ClCompile Include="Src\Utility\Utility.cpp" />
    <ClCompile Include="Src\Manager\Camera.cpp" />
    <ClCompile Include="Src\Manager\SoundManager.cpp" />
    <ClCompile Include="Src\Manager\Sound.cpp" />
    <ClCompile Include="Src\Manager\SceneManager.cpp" />
    <ClCompile Include="Src\Manager\ResourceManager.cpp" />
    <ClCompile Include="Src\Manager\Resource.cpp" />
    <ClCompile Include="Src\Manager\KeyConfig.cpp" />
    <ClCompile Include="Src\Manager\InputManager.cpp" />
    <ClCompile Include="Src\Scene\SceneBase.cpp" />
    <ClCompile Include="Src\Scene\SceneTitle.cpp" />
    <ClCompile Include="Src\Common\IntVector3.cpp" />
    <ClCompile Include="Src\Object\Common\Transform.cpp" />
    <ClCompile Include="Src\Object\Player\PlayerBase.cpp" />
    <ClCompile Include="Src\Object\Common\Gravity.cpp" />
    <ClCompile Include="Src\Object\Stage\ShockWave.cpp" />
    <ClCompile Include="Src\Object\Enemy\Attack\Type\AttackBase.cpp" />
    <ClCompile Include="Src\Object\Enemy\EnemyBase.cpp" />
    <ClCompile Include="Src\Object\SkyDome\SkyDome.cpp" />
    <ClCompile Include="Src\Object\Enemy\EnemyTutorial.cpp" />
    <ClCompile Include="Src\Object\Player\PlayerShot.cpp" />
    <ClCompile Include="Src\Object\UI\EnemyHPUI.cpp" />
    <ClCompile Include="Src\Object\Enemy\Attack\Type\JumpAttack.cpp" />
    <ClCompile Include="Src\Object\Enemy\Attack\SubObject\Wave.cpp" />
    <ClCompile Include="Src\Object\Enemy\Attack\Type\FollowAttack.cpp" />
    <ClCompile Include="Src\Object\Enemy\Attack\SubObject\FollowShot.cpp" />
    <ClCompile Include="Src\Object\Enemy\Attack\SubObject\CrossLine.cpp" />
    <ClCompile Include="Src\Object\Enemy\Attack\Type\CrossAttack.cpp" />
    <ClCompile Include="Src\Object\Enemy\Attack\SubObject\FallDownShot.cpp" />
    <ClCompile Include="Src\Object\Enemy\Attack\Type\FallDownAttack.cpp" />
    <ClCompile Include="Src\Object\Enemy\Attack\Type\JumpAttackConstant.cpp" />
    <ClCompile Include="Src\Object\Enemy\Attack\Type\ThunderAroundAttack.cpp" />
    <ClCompile Include="Src\Object\Enemy\Attack\SubObject\ThunderAround.cpp" />
    <ClCompile Include="Src\Scene\SceneStageSelect.cpp" />
    <ClCompile Include="Src\Scene\Select\Control.cpp" />
    <ClCompile Include="Src\Manager\DataBank.cpp" />
    <ClCompile Include="Src\Manager\KeyMap.cpp" />
    <ClCompile Include="Src\Scene\SceneGameOver.cpp" />
    <ClCompile Include="Src\Scene\SceneGameClear.cpp" />
    <ClCompile Include="Src\Scene\SceneMenu.cpp" />
    <ClCompile Include="Src\Renderer\VertexRenderer.cpp" />
    <ClCompile Include="Src\Renderer\VertexMaterial.cpp" />
    <ClCompile Include="Src\Renderer\PixelRenderer.cpp" />
    <ClCompile Include="Src\Renderer\PixelMaterial.cpp" />
    <ClCompile Include="Src\Renderer\ModelRenderer.cpp" />
    <ClCompile Include="Src\Renderer\ModelMaterial.cpp" />
    <ClCompile Include="Src\Scene\SceneSetting.cpp" />
    <ClCompile Include="Src\Object\Stage\Floor.cpp" />
    <ClCompile Include="Src\Scene\Game\SceneTutorial.cpp" />
    <ClCompile Include="Src\Scene\Game\SceneGame.cpp" />
    <ClCompile Include="Src\Object\Common\AnimationController.cpp" />
    <ClCompile Include="Src\Object\ObjectBase.cpp" />
    <ClCompile Include="Src\Common\FpsController.cpp" />
    <ClCompile Include="Src\Object\Common\EffectController.cpp" />
    <ClCompile Include="Src\Object\Enemy\Attack\SubObject\SubObjectBase.cpp" />
    <ClCompile Include="Src\Object\Enemy\Attack\Type\WaterSpritAttack.cpp" />
    <ClCompile Include="Src\Object\Enemy\Attack\SubObject\WaterSprit.cpp" />
  </ItemGroup>
  <ItemGroup>
    <ClInclude Include="Src\Common\IntVector3.h" />
    <ClInclude Include="Src\Application.h" />
    <ClInclude Include="Src\Common\Fader.h" />
    <ClInclude Include="Src\Common\Quaternion.h" />
    <ClInclude Include="Src\Common\Vector2.h" />
    <ClInclude Include="Src\main.h" />
    <ClInclude Include="Src\Utility\Utility.h" />
    <ClInclude Include="Src\Manager\SoundManager.h" />
    <ClInclude Include="Src\Manager\Sound.h" />
    <ClInclude Include="Src\Manager\SceneManager.h" />
    <ClInclude Include="Src\Manager\ResourceManager.h" />
    <ClInclude Include="Src\Manager\Resource.h" />
    <ClInclude Include="Src\Manager\KeyConfig.h" />
    <ClInclude Include="Src\Manager\InputManager.h" />
    <ClInclude Include="Src\Manager\Camera.h" />
    <ClInclude Include="Src\Scene\SceneBase.h" />
    <ClInclude Include="Src\Scene\SceneTitle.h" />
    <ClInclude Include="Src\Object\Common\Transform.h" />
    <ClInclude Include="Src\Object\Player\PlayerBase.h" />
    <ClInclude Include="Src\Object\Common\Gravity.h" />
    <ClInclude Include="Src\Object\Stage\ShockWave.h" />
    <ClInclude Include="Src\Object\Enemy\Attack\Type\AttackBase.h" />
    <ClInclude Include="Src\Object\Enemy\EnemyBase.h" />
    <ClInclude Include="Src\Object\SkyDome\SkyDome.h" />
    <ClInclude Include="Src\Object\Enemy\EnemyTutorial.h" />
    <ClInclude Include="Src\Object\Player\PlayerShot.h" />
    <ClInclude Include="Src\Object\UI\EnemyHPUI.h" />
    <ClInclude Include="Src\Object\Enemy\Attack\Type\JumpAttack.h" />
    <ClInclude Include="Src\Object\Enemy\Attack\SubObject\Wave.h" />
    <ClInclude Include="Src\Object\Enemy\Attack\Type\FollowAttack.h" />
    <ClInclude Include="Src\Object\Enemy\Attack\SubObject\FollowShot.h" />
    <ClInclude Include="Src\Object\Enemy\Attack\SubObject\CrossLine.h" />
    <ClInclude Include="Src\Object\Enemy\Attack\Type\CrossAttack.h" />
    <ClInclude Include="Src\Object\Enemy\Attack\SubObject\FallDownShot.h" />
    <ClInclude Include="Src\Object\Enemy\Attack\Type\FallDownAttack.h" />
    <ClInclude Include="Src\Object\Enemy\Attack\Type\JumpAttackConstant.h" />
    <ClInclude Include="Src\Object\Enemy\Attack\Type\ThunderAroundAttack.h" />
    <ClInclude Include="Src\Object\Enemy\Attack\SubObject\ThunderAround.h" />
    <ClInclude Include="Src\Scene\SceneStageSelect.h" />
    <ClInclude Include="Src\Scene\Select\Control.h" />
    <ClInclude Include="Src\Manager\DataBank.h" />
    <ClInclude Include="Src\Manager\KeyMap.h" />
    <ClInclude Include="Src\Scene\SceneGameOver.h" />
    <ClInclude Include="Src\Scene\SceneGameClear.h" />
    <ClInclude Include="Src\Scene\SceneMenu.h" />
    <ClInclude Include="Src\Renderer\VertexRenderer.h" />
    <ClInclude Include="Src\Renderer\VertexMaterial.h" />
    <ClInclude Include="Src\Renderer\PixelRenderer.h" />
    <ClInclude Include="Src\Renderer\PixelMaterial.h" />
    <ClInclude Include="Src\Renderer\ModelRenderer.h" />
    <ClInclude Include="Src\Renderer\ModelMaterial.h" />
    <ClInclude Include="Src\Scene\SceneSetting.h" />
    <ClInclude Include="Src\Object\Stage\Floor.h" />
    <ClInclude Include="Src\Scene\Game\SceneTutorial.h" />
    <ClInclude Include="Src\Scene\Game\SceneGame.h" />
    <ClInclude Include="Src\Object\Common\AnimationController.h" />
    <ClInclude Include="Src\Object\ObjectBase.h" />
    <ClInclude Include="Src\Common\FpsController.h" />
    <ClInclude Include="Src\Object\Common\EffectController.h" />
    <ClInclude Include="Src\Object\Enemy\Attack\SubObject\SubObjectBase.h" />
    <ClInclude Include="Src\Object\Enemy\Attack\Type\WaterSpritAttack.h" />
    <ClInclude Include="Src\Object\Enemy\Attack\SubObject\WaterSprit.h" />
  </ItemGroup>
  <ItemGroup>
    <None Include="Src\Shader\Common\VertexToPixelHeader.hlsli" />
    <None Include="Src\Shader\Common\Pixel\PixelShader2DHeader.hlsli" />
    <None Include="Src\Shader\Common\Pixel\PixelShader3DHeader.hlsli" />
    <None Include="Src\Shader\Common\Vertex\CommonShader3DHeader.hlsli" />
    <None Include="Src\Shader\Common\Vertex\VertexInput.hlsli" />
    <None Include="Src\Shader\Common\Vertex\VertexInputType.hlsli" />
    <None Include="Src\Shader\Common\Vertex\VertexShader3DHeader.hlsli" />
  </ItemGroup>
  <ItemGroup>
    <FxCompile Include="Src\Shader\PostEffect\Vignette.hlsl" />
    <FxCompile Include="Src\Shader\PostEffect\ScanLine.hlsl" />
    <FxCompile Include="Src\Shader\PostEffect\Monotone.hlsl" />
    <FxCompile Include="Src\Shader\PostEffect\LensDistortion.hlsl" />
    <FxCompile Include="Src\Shader\Model\ShockWaveVS.hlsl" />
    <FxCompile Include="Src\Shader\Model\ShockWavePS.hlsl" />
    <FxCompile Include="Src\Shader\Model\FloorVS.hlsl" />
    <FxCompile Include="Src\Shader\Model\FloorPS.hlsl" />
    <FxCompile Include="Src\Shader\Model\WaterSplitPS.hlsl" />
    <FxCompile Include="Src\Shader\Model\WaterSplitVS.hlsl" />
    <FxCompile Include="Src\Shader\Model\NoChangePS.hlsl" />
    <FxCompile Include="Src\Shader\Model\NoChangeVS.hlsl" />
    <FxCompile Include="Src\Shader\Model\PlayerVS.hlsl" />
    <FxCompile Include="Src\Shader\Model\PlayerPS.hlsl" />
  </ItemGroup>
</Project>